
Microsoft Visual Studio Solution File, Format Version 11.00
# Visual Studio 2010
Project("{FAE04EC0-301F-11D3-BF4B-00C04F79EFBC}") = "MR.BinPacking.App", "MR.BinPacking.App\MR.BinPacking.App.csproj", "{E1D34F7C-13A9-433D-8565-45AAFB75ADE6}"
EndProject
Project("{FAE04EC0-301F-11D3-BF4B-00C04F79EFBC}") = "MR.BinPacking.Library", "MR.BinPacking.Library\MR.BinPacking.Library.csproj", "{399A01B8-9C0C-4738-9CAC-35A524973AFE}"
EndProject
Project("{FAE04EC0-301F-11D3-BF4B-00C04F79EFBC}") = "MR.BinPacking.Test", "MR.BinPacking.Test\MR.BinPacking.Test.csproj", "{3E397C5E-9264-4778-A0AA-92F09858637A}"
EndProject
Project("{54435603-DBB4-11D2-8724-00A0C9A8B90C}") = "MR.BinPacking.Installer", "MR.BinPacking.Installer\MR.BinPacking.Installer.vdproj", "{F9030B1D-6735-4361-AEF5-0FFF90B4723A}"
EndProject
Global
	GlobalSection(SolutionConfigurationPlatforms) = preSolution
		Debug|Any CPU = Debug|Any CPU
		Debug|Mixed Platforms = Debug|Mixed Platforms
		Debug|x86 = Debug|x86
		Release|Any CPU = Release|Any CPU
		Release|Mixed Platforms = Release|Mixed Platforms
		Release|x86 = Release|x86
	EndGlobalSection
	GlobalSection(ProjectConfigurationPlatforms) = postSolution
		{E1D34F7C-13A9-433D-8565-45AAFB75ADE6}.Debug|Any CPU.ActiveCfg = Debug|x86
		{E1D34F7C-13A9-433D-8565-45AAFB75ADE6}.Debug|Mixed Platforms.ActiveCfg = Debug|x86
		{E1D34F7C-13A9-433D-8565-45AAFB75ADE6}.Debug|Mixed Platforms.Build.0 = Debug|x86
		{E1D34F7C-13A9-433D-8565-45AAFB75ADE6}.Debug|x86.ActiveCfg = Debug|x86
		{E1D34F7C-13A9-433D-8565-45AAFB75ADE6}.Debug|x86.Build.0 = Debug|x86
		{E1D34F7C-13A9-433D-8565-45AAFB75ADE6}.Release|Any CPU.ActiveCfg = Release|x86
		{E1D34F7C-13A9-433D-8565-45AAFB75ADE6}.Release|Mixed Platforms.ActiveCfg = Release|x86
		{E1D34F7C-13A9-433D-8565-45AAFB75ADE6}.Release|Mixed Platforms.Build.0 = Release|x86
		{E1D34F7C-13A9-433D-8565-45AAFB75ADE6}.Release|x86.ActiveCfg = Release|x86
		{E1D34F7C-13A9-433D-8565-45AAFB75ADE6}.Release|x86.Build.0 = Release|x86
		{399A01B8-9C0C-4738-9CAC-35A524973AFE}.Debug|Any CPU.ActiveCfg = Debug|Any CPU
		{399A01B8-9C0C-4738-9CAC-35A524973AFE}.Debug|Any CPU.Build.0 = Debug|Any CPU
		{399A01B8-9C0C-4738-9CAC-35A524973AFE}.Debug|Mixed Platforms.ActiveCfg = Debug|Any CPU
		{399A01B8-9C0C-4738-9CAC-35A524973AFE}.Debug|Mixed Platforms.Build.0 = Debug|Any CPU
		{399A01B8-9C0C-4738-9CAC-35A524973AFE}.Debug|x86.ActiveCfg = Debug|Any CPU
		{399A01B8-9C0C-4738-9CAC-35A524973AFE}.Release|Any CPU.ActiveCfg = Release|Any CPU
		{399A01B8-9C0C-4738-9CAC-35A524973AFE}.Release|Any CPU.Build.0 = Release|Any CPU
		{399A01B8-9C0C-4738-9CAC-35A524973AFE}.Release|Mixed Platforms.ActiveCfg = Release|Any CPU
		{399A01B8-9C0C-4738-9CAC-35A524973AFE}.Release|Mixed Platforms.Build.0 = Release|Any CPU
		{399A01B8-9C0C-4738-9CAC-35A524973AFE}.Release|x86.ActiveCfg = Release|Any CPU
		{3E397C5E-9264-4778-A0AA-92F09858637A}.Debug|Any CPU.ActiveCfg = Debug|x86
		{3E397C5E-9264-4778-A0AA-92F09858637A}.Debug|Mixed Platforms.ActiveCfg = Debug|x86
		{3E397C5E-9264-4778-A0AA-92F09858637A}.Debug|Mixed Platforms.Build.0 = Debug|x86
		{3E397C5E-9264-4778-A0AA-92F09858637A}.Debug|x86.ActiveCfg = Debug|x86
		{3E397C5E-9264-4778-A0AA-92F09858637A}.Debug|x86.Build.0 = Debug|x86
		{3E397C5E-9264-4778-A0AA-92F09858637A}.Release|Any CPU.ActiveCfg = Release|x86
		{3E397C5E-9264-4778-A0AA-92F09858637A}.Release|Mixed Platforms.ActiveCfg = Release|x86
		{3E397C5E-9264-4778-A0AA-92F09858637A}.Release|Mixed Platforms.Build.0 = Release|x86
		{3E397C5E-9264-4778-A0AA-92F09858637A}.Release|x86.ActiveCfg = Release|x86
		{3E397C5E-9264-4778-A0AA-92F09858637A}.Release|x86.Build.0 = Release|x86
		{F9030B1D-6735-4361-AEF5-0FFF90B4723A}.Debug|Any CPU.ActiveCfg = Debug
		{F9030B1D-6735-4361-AEF5-0FFF90B4723A}.Debug|Mixed Platforms.ActiveCfg = Debug
		{F9030B1D-6735-4361-AEF5-0FFF90B4723A}.Debug|x86.ActiveCfg = Debug
		{F9030B1D-6735-4361-AEF5-0FFF90B4723A}.Release|Any CPU.ActiveCfg = Release
		{F9030B1D-6735-4361-AEF5-0FFF90B4723A}.Release|Mixed Platforms.ActiveCfg = Release
		{F9030B1D-6735-4361-AEF5-0FFF90B4723A}.Release|x86.ActiveCfg = Release
	EndGlobalSection
	GlobalSection(SolutionProperties) = preSolution
		HideSolutionNode = FALSE
	EndGlobalSection
EndGlobal
